{
  "lockfileVersion": 2,
  "configVersion": 1,
  "workspaces": {
    "": {
      "name": "clov-std",
    },
    "packages/common": {
      "name": "@clov-std/common",
      "version": "2.1.0",
      "dependencies": {
        "@clov-std/error": "workspace:^",
      },
      "devDependencies": {
        "@types/bun": "catalog:base",
        "oxfmt": "catalog:base",
        "oxlint": "catalog:base",
        "oxlint-tsgolint": "catalog:base",
        "typescript": "catalog:base",
      },
      "peerDependencies": {
        "@clov-std/error": "workspace:^",
      },
    },
    "packages/elysia-cache": {
      "name": "@clov-std/elysia-cache",
      "version": "1.0.1",
      "dependencies": {
        "@clov-std/kv-store": "workspace:^",
      },
      "devDependencies": {
        "@types/bun": "catalog:base",
        "oxfmt": "catalog:base",
        "oxlint": "catalog:base",
        "oxlint-tsgolint": "catalog:base",
        "typescript": "catalog:base",
      },
      "peerDependencies": {
        "@clov-std/kv-store": "workspace:^",
        "elysia": "next",
        "typebox": "^1.3.34",
      },
    },
    "packages/elysia-ratelimit": {
      "name": "@clov-std/elysia-ratelimit",
      "version": "4.0.10",
      "dependencies": {
        "@clov-std/kv-store": "workspace:^",
      },
      "devDependencies": {
        "@types/bun": "catalog:base",
        "oxfmt": "catalog:base",
        "oxlint": "catalog:base",
        "oxlint-tsgolint": "catalog:base",
        "typescript": "catalog:base",
      },
      "peerDependencies": {
        "@clov-std/kv-store": "workspace:^",
        "elysia": "next",
        "typebox": "^1.3.34",
      },
    },
    "packages/error": {
      "name": "@clov-std/error",
      "version": "5.0.0",
      "devDependencies": {
        "@types/bun": "catalog:base",
        "oxfmt": "catalog:base",
        "oxlint": "catalog:base",
        "oxlint-tsgolint": "catalog:base",
        "typescript": "catalog:base",
      },
    },
    "packages/i18n": {
      "name": "@clov-std/i18n",
      "version": "4.0.0",
      "dependencies": {
        "@clov-std/error": "workspace:^",
      },
      "devDependencies": {
        "@types/bun": "catalog:base",
        "oxfmt": "catalog:base",
        "oxlint": "catalog:base",
        "oxlint-tsgolint": "catalog:base",
        "typescript": "catalog:base",
      },
      "peerDependencies": {
        "@clov-std/error": "workspace:^",
      },
    },
    "packages/jwt": {
      "name": "@clov-std/jwt",
      "version": "2.0.0",
      "dependencies": {
        "@clov-std/error": "workspace:^",
        "jose": "^6.2.12",
      },
      "devDependencies": {
        "@types/bun": "catalog:base",
        "oxfmt": "catalog:base",
        "oxlint": "catalog:base",
        "oxlint-tsgolint": "catalog:base",
        "typescript": "catalog:base",
      },
      "peerDependencies": {
        "@clov-std/error": "workspace:^",
      },
    },
    "packages/kv-store": {
      "name": "@clov-std/kv-store",
      "version": "2.0.1",
      "dependencies": {
        "@clov-std/error": "workspace:^",
      },
      "devDependencies": {
        "@types/bun": "catalog:base",
        "oxfmt": "catalog:base",
        "oxlint": "catalog:base",
        "oxlint-tsgolint": "catalog:base",
        "typescript": "catalog:base",
      },
      "peerDependencies": {
        "@clov-std/error": "workspace:^",
      },
    },
    "packages/logger": {
      "name": "@clov-std/logger",
      "version": "2.0.0",
      "dependencies": {
        "@clov-std/common": "workspace:^",
        "@clov-std/error": "workspace:^",
      },
      "devDependencies": {
        "@types/bun": "catalog:base",
        "mitata": "^1.0.34",
        "oxfmt": "catalog:base",
        "oxlint": "catalog:base",
        "oxlint-tsgolint": "catalog:base",
        "pino": "^10.3.1",
        "typescript": "catalog:base",
      },
      "peerDependencies": {
        "@clov-std/common": "workspace:^",
        "@clov-std/error": "workspace:^",
      },
    },
    "packages/registry": {
      "name": "@clov-std/registry",
      "version": "2.0.0",
      "dependencies": {
        "@clov-std/error": "workspace:^",
      },
      "devDependencies": {
        "@types/bun": "catalog:base",
        "oxfmt": "catalog:base",
        "oxlint": "catalog:base",
        "oxlint-tsgolint": "catalog:base",
        "typescript": "catalog:base",
      },
      "peerDependencies": {
        "@clov-std/error": "workspace:^",
      },
    },
    "packages/totp": {
      "name": "@clov-std/totp",
      "version": "2.0.0",
      "dependencies": {
        "@clov-std/error": "workspace:^",
      },
      "devDependencies": {
        "@types/bun": "catalog:base",
        "oxfmt": "catalog:base",
        "oxlint": "catalog:base",
        "oxlint-tsgolint": "catalog:base",
        "typescript": "catalog:base",
      },
      "peerDependencies": {
        "@clov-std/error": "workspace:^",
      },
    },
  },
  "catalogs": {
    "base": {
      "@types/bun": "^1.4.2",
      "oxfmt": "0.68.0",
      "oxlint": "1.83.0",
      "oxlint-tsgolint": "7.0.2002",
      "typescript": "^7.0.2",
    },
  },
  "packages": {
    "@clov-std/common": ["@clov-std/common@workspace:packages/common"],

    "@clov-std/elysia-cache": ["@clov-std/elysia-cache@workspace:packages/elysia-cache"],

    "@clov-std/elysia-ratelimit": ["@clov-std/elysia-ratelimit@workspace:packages/elysia-ratelimit"],

    "@clov-std/error": ["@clov-std/error@workspace:packages/error"],

    "@clov-std/i18n": ["@clov-std/i18n@workspace:packages/i18n"],

    "@clov-std/jwt": ["@clov-std/jwt@workspace:packages/jwt"],

    "@clov-std/kv-store": ["@clov-std/kv-store@workspace:packages/kv-store"],

    "@clov-std/logger": ["@clov-std/logger@workspace:packages/logger"],

    "@clov-std/registry": ["@clov-std/registry@workspace:packages/registry"],

    "@clov-std/totp": ["@clov-std/totp@workspace:packages/totp"],

    "@oxfmt/binding-android-arm-eabi": ["@oxfmt/binding-android-arm-eabi@0.68.0", "", { "os": "android", "cpu": "arm" }, "sha512-dhfYPbzv/h9JgHjNkl2R6sOjUfxDyLGOZVb3g8/ScaTNwwJcYgmHh8kcYFDUhinuy1QAoANCWUvw1jlk+z6gAg=="],

    "@oxfmt/binding-android-arm64": ["@oxfmt/binding-android-arm64@0.68.0", "", { "os": "android", "cpu": "arm64" }, "sha512-v3Njdi6qY0O/5eGfg01ww2w6gTn2mUvZ72Bnx1/UN53A9wruh3Nk6otc3WkgJLkXD4Qgz1SOcVQieH1oD03V9Q=="],

    "@oxfmt/binding-darwin-arm64": ["@oxfmt/binding-darwin-arm64@0.68.0", "", { "os": "darwin", "cpu": "arm64" }, "sha512-ei4MCMzHFREmZwPJ7KuWUB4kBuHdsgDrnXGJVcEAopU7fj7S42I8BChdFILWdHvhFqR08FLJtOfbZIr2CDw0cA=="],

    "@oxfmt/binding-darwin-x64": ["@oxfmt/binding-darwin-x64@0.68.0", "", { "os": "darwin", "cpu": "x64" }, "sha512-UrKgzZxYhwB9DSvTX+vdgl9M32wLUNKJcAKIoiyx/Kzn/zveqi7W6kYVcRroFMhS3Kwz0KhTk3WBeSuQn4YCTg=="],

    "@oxfmt/binding-freebsd-x64": ["@oxfmt/binding-freebsd-x64@0.68.0", "", { "os": "freebsd", "cpu": "x64" }, "sha512-6jrEKgpJbilM1QaRv7hEtKXr4p4AK4jvvyOtajwyhu0kOz3e0O7OLnSTk6tBotRqCcUC4ehZRJ1Zx+Y99wieLw=="],

    "@oxfmt/binding-linux-arm-gnueabihf": ["@oxfmt/binding-linux-arm-gnueabihf@0.68.0", "", { "os": "linux", "cpu": "arm" }, "sha512-YOIVnKOBaLeGullskS179N12hjSAdFYnzLjOaKiLhAKNWgnShq9w4xRdtmUm6BlnP65l2/EA9Aw/KlftNxDM7Q=="],

    "@oxfmt/binding-linux-arm-musleabihf": ["@oxfmt/binding-linux-arm-musleabihf@0.68.0", "", { "os": "linux", "cpu": "arm" }, "sha512-xW5XoEHVNqydPBv2KXvk9lmEzyAlOQHVEazKoXUuAacqekjya+OdiaFjjEBl0oJD02raG8g3TRl9OVCh9PDIHA=="],

    "@oxfmt/binding-linux-arm64-gnu": ["@oxfmt/binding-linux-arm64-gnu@0.68.0", "", { "os": "linux", "cpu": "arm64" }, "sha512-QCvYwVVQieu6oyJglAgV9vH/YMDxZyR4cwVSYtoq9oOXd5N+D3TDUBjNwxFrLn5AdcJZOcvn/7IB17vJGp+2Og=="],

    "@oxfmt/binding-linux-arm64-musl": ["@oxfmt/binding-linux-arm64-musl@0.68.0", "", { "os": "linux", "cpu": "arm64" }, "sha512-4TVz5iFQ8ndrHnhX50UXiz9BIWAtUSOHJ6Nus4qWFfJBXq/Ed/krXbF/ehJu42BXM5tIvBs99jNIM22s9agY5A=="],

    "@oxfmt/binding-linux-ppc64-gnu": ["@oxfmt/binding-linux-ppc64-gnu@0.68.0", "", { "os": "linux", "cpu": "ppc64" }, "sha512-qLe3ao0RP84bnPxBvRI+GnlK/jybo538NWu0Xrm+zYeTmJtpzqLhnnd5BH21NafqKnplbGZjtN1cnrOlWF73lw=="],

    "@oxfmt/binding-linux-riscv64-gnu": ["@oxfmt/binding-linux-riscv64-gnu@0.68.0", "", { "os": "linux", "cpu": "none" }, "sha512-Yvyl7a6gbb0vM6r925KW2dO+/CmXySO5TVbcX7o/uZJ+d108HFOG0TxIyHApmn5USuj5mhDPxzhiVwOlGP7uSA=="],

    "@oxfmt/binding-linux-riscv64-musl": ["@oxfmt/binding-linux-riscv64-musl@0.68.0", "", { "os": "linux", "cpu": "none" }, "sha512-mJlFuFVCxzrYM5sFStN433D/s/mb6Wq4aCQAM02vs/OudHywnaSAd2rb1vlYUJtqdYIciJtiasuxvfbYkv5fLg=="],

    "@oxfmt/binding-linux-s390x-gnu": ["@oxfmt/binding-linux-s390x-gnu@0.68.0", "", { "os": "linux", "cpu": "s390x" }, "sha512-RlfSg++qs1hbKltRR6lYvV9EoI3MdlfSQD9w1hdHVYjHqjIn1tkH4FWOpMSmjKGN20zr+nI+W9o4ARogCDudGQ=="],

    "@oxfmt/binding-linux-x64-gnu": ["@oxfmt/binding-linux-x64-gnu@0.68.0", "", { "os": "linux", "cpu": "x64" }, "sha512-nyzRB9U+dlYUKu3pMo3afHzZBUv/oTHZMG36ZfJViNVfOIzp70Q4GS8FFRGgYJ/p0zcyDCgpBvYISOdJOMh+jQ=="],

    "@oxfmt/binding-linux-x64-musl": ["@oxfmt/binding-linux-x64-musl@0.68.0", "", { "os": "linux", "cpu": "x64" }, "sha512-iCx3sbZRIvGrL1RafphEiUKBaW1lc0/tAjKOIB/Wjw2+STRBEdu5+fH1Gc1faEWEmc2k5Ks4iUUV54Zd5C9a1A=="],

    "@oxfmt/binding-openharmony-arm64": ["@oxfmt/binding-openharmony-arm64@0.68.0", "", { "os": "none", "cpu": "arm64" }, "sha512-x2X5AZez7OgyLLFpwIgItoXBUqudDM7yiaTsxv8R8vKQ6e81l0jVw0NFeUCXzcl1sAJq8h+tC8N4mY8EiMeL4w=="],

    "@oxfmt/binding-win32-arm64-msvc": ["@oxfmt/binding-win32-arm64-msvc@0.68.0", "", { "os": "win32", "cpu": "arm64" }, "sha512-AHVPjXkenLPQUh6kB8zSC8pX2ct9r4T1Edk9r/RNJyov6wPsS5uAfYtipwG4chn6+3bPFG5rI/3DxEeH8vib1w=="],

    "@oxfmt/binding-win32-ia32-msvc": ["@oxfmt/binding-win32-ia32-msvc@0.68.0", "", { "os": "win32", "cpu": "ia32" }, "sha512-n09SjEk5VH7z8Hl4WVP7hho+cCwGViENkQFiM45vbW85dJd7kEhWaHRUobaPzEmrWyu6uumd4EuNfNyDKLtzDA=="],

    "@oxfmt/binding-win32-x64-msvc": ["@oxfmt/binding-win32-x64-msvc@0.68.0", "", { "os": "win32", "cpu": "x64" }, "sha512-gPe+dJLXaPuWPWqlpklDAJp0k+K9KhQPYiQLHfb+i2rmFuUGfJ/5Qlj6tr1mO6of5g0DiLjG/XCFHIaPhotqqA=="],

    "@oxlint-tsgolint/darwin-arm64": ["@oxlint-tsgolint/darwin-arm64@7.0.2002", "", { "os": "darwin", "cpu": "arm64" }, "sha512-E3yYb/tI+5M3SqGgKwrwUD0nmjA2FMGD1xFbma46qi8Y7+nPTlGY6bZk/hqxijc9Vda/tdtUxQ2d5zGIEX9qlg=="],

    "@oxlint-tsgolint/darwin-x64": ["@oxlint-tsgolint/darwin-x64@7.0.2002", "", { "os": "darwin", "cpu": "x64" }, "sha512-qEaMySdvzs8faaJwMO4dFtPFCa+degFCz+HbkFQ0REcIJqJ16KmC0smt30FAI9TeEHCoAtz6sU/6acJvi4uaxg=="],

    "@oxlint-tsgolint/linux-arm64": ["@oxlint-tsgolint/linux-arm64@7.0.2002", "", { "os": "linux", "cpu": "arm64" }, "sha512-bqPObCNIR6tDQSc0Xn9Nu7EfWRXFB+qFzADRl/q6YA8zT9YUg3pGUbmicV2hV91uLpiot74so9ocGjx35SaX6w=="],

    "@oxlint-tsgolint/linux-x64": ["@oxlint-tsgolint/linux-x64@7.0.2002", "", { "os": "linux", "cpu": "x64" }, "sha512-E5CcRALAYdiQMbdYjEqlLOiYuEdt21RtXiyxIoD8bfypdfkpWppacijKOR4i0DtLXFRVwCGQggZBWk5bOIpU1A=="],

    "@oxlint-tsgolint/win32-arm64": ["@oxlint-tsgolint/win32-arm64@7.0.2002", "", { "os": "win32", "cpu": "arm64" }, "sha512-L+ul0ZFDiz/ZmTwCQ1J/qS7S6s45ktiaFqb+ZIzx+1sSdtdRxm8/H0+p4VDQYrCKBFzKNb6VjUlm48bNEe3BUg=="],

    "@oxlint-tsgolint/win32-x64": ["@oxlint-tsgolint/win32-x64@7.0.2002", "", { "os": "win32", "cpu": "x64" }, "sha512-zkZeJfo4UmYiCzj77u85eCDpdxOiQiSAsV6j9Pvj5e7Vu5+MvwLtK1xmVutE77tJmUJ3eBOSXHR6WgY4AwHHGQ=="],

    "@oxlint/binding-android-arm-eabi": ["@oxlint/binding-android-arm-eabi@1.83.0", "", { "os": "android", "cpu": "arm" }, "sha512-0yGY24EwsLk5YDe6F+VkmZyRHSwJDALa3nIrPpq7FXmp2lV2d0TzvBCGeZk+wgiULRGr5blhyr4QMp5KCXJUqA=="],

    "@oxlint/binding-android-arm64": ["@oxlint/binding-android-arm64@1.83.0", "", { "os": "android", "cpu": "arm64" }, "sha512-hHfJ0vc17A4iUjH5p9BsTUPYbYRNxGpvD2lbu1aBRk54bzNIx9o5TtYF39QPZcV95DagZd+4DEAw2RH3G2ZsMg=="],

    "@oxlint/binding-darwin-arm64": ["@oxlint/binding-darwin-arm64@1.83.0", "", { "os": "darwin", "cpu": "arm64" }, "sha512-hsOjYjszLb/3zym/TkzUMPAoQlTJcuzSyEPOAyA+skXJIX9M0o+4JfOtqopX/Vf4hSLrJ98j0nvFo23gzk8auQ=="],

    "@oxlint/binding-darwin-x64": ["@oxlint/binding-darwin-x64@1.83.0", "", { "os": "darwin", "cpu": "x64" }, "sha512-mjh5oH2EA+wl5yRJYT9K9G61O2zFlpuv+yf2JwZOi0+dq2FnTUtm1h8i+5Ik0fXPWIu/k84I1psZR9aQsLAnyA=="],

    "@oxlint/binding-freebsd-x64": ["@oxlint/binding-freebsd-x64@1.83.0", "", { "os": "freebsd", "cpu": "x64" }, "sha512-fNHr64/YaO8YssuoDVC8+F4Uk5enR86q5uxfHkQrjAPs1dbAILOrD2uaud+J7MO8Fx774g44ERLD0IGIvZE48w=="],

    "@oxlint/binding-linux-arm-gnueabihf": ["@oxlint/binding-linux-arm-gnueabihf@1.83.0", "", { "os": "linux", "cpu": "arm" }, "sha512-Qpwy3zzAwMj+8/lyYItHmkSMwbkprFNWTK7jPYDOxSyxEhaSLOWYUTCMkjF334J8/WD0nznCCsoBbIH6hpsuIw=="],

    "@oxlint/binding-linux-arm-musleabihf": ["@oxlint/binding-linux-arm-musleabihf@1.83.0", "", { "os": "linux", "cpu": "arm" }, "sha512-s+BirYLFq7JL2k9sP0XI3ZXJ9dYvJ8sX3jLCLoag7tt+zrSHpZxP0jqznfL+Gdgwu7ay0dYgGYJXrQvq3iWloA=="],

    "@oxlint/binding-linux-arm64-gnu": ["@oxlint/binding-linux-arm64-gnu@1.83.0", "", { "os": "linux", "cpu": "arm64" }, "sha512-7lihXt3vKr+GIyapNbHrnFHm/biiW30le6Zv/DExbAFPF6YwCQXVFlONPFehxs0CpGO4CBfYPM9rdDT+XMoIlg=="],

    "@oxlint/binding-linux-arm64-musl": ["@oxlint/binding-linux-arm64-musl@1.83.0", "", { "os": "linux", "cpu": "arm64" }, "sha512-q63JalLYVkZiZvls1z3PPUnpmQluOMXp0khqQMznCeAPLGydfNY8JhvuA4WlK57JfrvikU8wB5lPVveqpIXvew=="],

    "@oxlint/binding-linux-ppc64-gnu": ["@oxlint/binding-linux-ppc64-gnu@1.83.0", "", { "os": "linux", "cpu": "ppc64" }, "sha512-krQmDF+dRbxvdqVPV88ZuOoPPu8X5BuqDA8Hd+qcS4YMRQCb+nexA57DazgGsc/rGdKBe3QmV0mnv0bdpW/p5g=="],

    "@oxlint/binding-linux-riscv64-gnu": ["@oxlint/binding-linux-riscv64-gnu@1.83.0", "", { "os": "linux", "cpu": "none" }, "sha512-MmOl8Y6txEAXZU1RG8Rr264jQ6D7VPmqFsU/45x/FeWsGe32hklTqGrLE6UxHzp5Rjt0wP+20tY8YXKgSFB3mw=="],

    "@oxlint/binding-linux-riscv64-musl": ["@oxlint/binding-linux-riscv64-musl@1.83.0", "", { "os": "linux", "cpu": "none" }, "sha512-u1rMymh0W3JZkq370kzQsYPULGWqhE09pZRqnZvUSoYaI9pVO5yVX+iYIslmWuEgwuzH9YAaOsScJiobWCHoOw=="],

    "@oxlint/binding-linux-s390x-gnu": ["@oxlint/binding-linux-s390x-gnu@1.83.0", "", { "os": "linux", "cpu": "s390x" }, "sha512-y0zK3HNwGysu7rqtE+BQG/d0bx5gh/KwlOtghN8oWeK1KcWzeaLqtZrbm8owqdma1lFyrce/hTO5ismuNu+INQ=="],

    "@oxlint/binding-linux-x64-gnu": ["@oxlint/binding-linux-x64-gnu@1.83.0", "", { "os": "linux", "cpu": "x64" }, "sha512-rS5gM0NgD7ngmuJmbIehsidtrOwKkLFwCQbKEeb9KuyQrrWNq5Zkn0uV6AYdXOMJ0grrWEiLwBuvMxt8w5vsNw=="],

    "@oxlint/binding-linux-x64-musl": ["@oxlint/binding-linux-x64-musl@1.83.0", "", { "os": "linux", "cpu": "x64" }, "sha512-W2IH4EtpcPaWcvNGCA95YoDg4vxqE/ZiPCi3arrxEEpsK7+JQN9WYwrlYFx9pcdP6KPXqRqkv3zdQPHcx7b6YQ=="],

    "@oxlint/binding-openharmony-arm64": ["@oxlint/binding-openharmony-arm64@1.83.0", "", { "os": "none", "cpu": "arm64" }, "sha512-6LyKkUyoajssTPLlZmDbZIbu4IZ5B4bGuRUnBgCGpEvHP3FQMaYITncHA/unPUo7q+Z+pIu2HhdkQ+8d1SG7iA=="],

    "@oxlint/binding-win32-arm64-msvc": ["@oxlint/binding-win32-arm64-msvc@1.83.0", "", { "os": "win32", "cpu": "arm64" }, "sha512-Uz/fObEtF0jmNJQJ8CGRBKfefYstS0/wjD3s6IGzP8nUwsJykHQJBiN3npHwKiGRGn/vvBEgNr4B3cCzmmatvg=="],

    "@oxlint/binding-win32-ia32-msvc": ["@oxlint/binding-win32-ia32-msvc@1.83.0", "", { "os": "win32", "cpu": "ia32" }, "sha512-u7XcvPW6Bk58tY5iWs2ESb0vJjoE/kuSpHxopbwp/p3ZtWVQXZ6wor5w3ssVTHOqd/v8b+QdhSFWQ4grEUNWpA=="],

    "@oxlint/binding-win32-x64-msvc": ["@oxlint/binding-win32-x64-msvc@1.83.0", "", { "os": "win32", "cpu": "x64" }, "sha512-LZRubd7ph13QmAg4fFecTYVZkiYbROR2Htaxh/ufWRkDhPOm2wrwaEYR89e0YpPFD3dqBrPoxS7myBw5hmYA7Q=="],

    "@pinojs/redact": ["@pinojs/redact@0.4.0", "", {}, "sha512-k2ENnmBugE/rzQfEcdWHcCY+/FM3VLzH9cYEsbdsoqrvzAKRhUZeRNhAZvB8OitQJ1TBed3yqWtdjzS6wJKBwg=="],

    "@types/bun": ["@types/bun@1.4.2", "", { "dependencies": { "bun-types": "1.4.2" } }, "sha512-GimotNn7+ZV0uVArItBbriZsR1oNf0+WTzPkdcFrzShI7k2norL0uzEaJT8T33dWr7O/c9ZDuAFQrctKCi72oQ=="],

    "@types/node": ["@types/node@26.6.1", "", { "dependencies": { "undici-types": "~8.9.0" } }, "sha512-VqGJBMCtdhqkBUCcBLvywI0NJ+KLuVzgNnlBUNFOQjqVxzo2lxLUNg1DSey8+u2u6ktswSAxg+s68QLzWHNOuA=="],

    "@typescript/typescript-aix-ppc64": ["@typescript/typescript-aix-ppc64@7.0.2", "", { "os": "aix", "cpu": "ppc64" }, "sha512-MTKKkWB7p/0E9xi1d1tHtZ5PiLkGEMIq88pK2CubZjOsLtYTLqhgIgi6zepFa+9GHZ6h05NMCkQxGKiPXMxXtQ=="],

    "@typescript/typescript-darwin-arm64": ["@typescript/typescript-darwin-arm64@7.0.2", "", { "os": "darwin", "cpu": "arm64" }, "sha512-gowzar9MwS/aRWp6f3a4KUqzRjAZjOsmGNCM6LcTgXum+dBfgsBVMN+AgvOCCbguXyick6LJhpBszxMebJ8syA=="],

    "@typescript/typescript-darwin-x64": ["@typescript/typescript-darwin-x64@7.0.2", "", { "os": "darwin", "cpu": "x64" }, "sha512-SZ9xZInqApNlNGc9s0W1VSsktYSOe9cFqNOIqmN1Gs8SmkjKZYFt017G4VwPxASInODuAdbTW7sXiFUf893RgA=="],

    "@typescript/typescript-freebsd-arm64": ["@typescript/typescript-freebsd-arm64@7.0.2", "", { "os": "freebsd", "cpu": "arm64" }, "sha512-W5NH4y/J0plIIS5b2xvTEkU7JFxyqdMAOgf+Ilhl0vHQXKO5dZoxd+C/jEtq56c4F3wk71RB4BMRQ2XdI+bwYQ=="],

    "@typescript/typescript-freebsd-x64": ["@typescript/typescript-freebsd-x64@7.0.2", "", { "os": "freebsd", "cpu": "x64" }, "sha512-UMGDx5sTpzNw3WiPebH7l90IWfJggEd+egHt/q6p7/Cm3zqoV7VxkGXt+3DxPIw8CcmvAB0j3sVVfbhX+M4Tpw=="],

    "@typescript/typescript-linux-arm": ["@typescript/typescript-linux-arm@7.0.2", "", { "os": "linux", "cpu": "arm" }, "sha512-gffT3xPz9sR7j/YJExkyPntrI0P2EP9XbOyWzth2/Gs0RstK+90RBcO0ncXoXy/beYll1SXw846Nf2zdnEz0QQ=="],

    "@typescript/typescript-linux-arm64": ["@typescript/typescript-linux-arm64@7.0.2", "", { "os": "linux", "cpu": "arm64" }, "sha512-Qh4eU4/y3yDjnfjjyPYihMj5/ODIlmt+Bzu17OI+fiSRDW57QmU5SiN63exPRNJPKUzcc1INa1NXdrJ+MqHjUQ=="],

    "@typescript/typescript-linux-loong64": ["@typescript/typescript-linux-loong64@7.0.2", "", { "os": "linux", "cpu": "none" }, "sha512-uEHck9i8hoAzXPiYRib1O7miOnz23SxIeVl6F4LXox+qov1K35jHcEW6VHKvZI+pyvl7fZEP4MCU5LYvIq1GuQ=="],

    "@typescript/typescript-linux-mips64el": ["@typescript/typescript-linux-mips64el@7.0.2", "", { "os": "linux", "cpu": "none" }, "sha512-R4KvAMnE43W5Qeqb0Ly56O3mWMWIAgsMyz36DCaycd5nbg/9kzm0liw3JocfRqyJY0KPmzFjbswozXyW0DnIYA=="],

    "@typescript/typescript-linux-ppc64": ["@typescript/typescript-linux-ppc64@7.0.2", "", { "os": "linux", "cpu": "ppc64" }, "sha512-DORx5b3sd/4S7eayxm4FQv+A7CrkUIGRaHiwI8oiHTAI1fAPWhF4J0vAlkC8biAlHSVVwxMQ3tjZ2/DVbnQiiA=="],

    "@typescript/typescript-linux-riscv64": ["@typescript/typescript-linux-riscv64@7.0.2", "", { "os": "linux", "cpu": "none" }, "sha512-wf0jqEDOjrPRnKwYRyyJDRo11KMbvMFrU+q4zqKyChODBzvlkbhNQfKvLxQCcwTpdDaXSHZTVuh0JoCrKCUMHQ=="],

    "@typescript/typescript-linux-s390x": ["@typescript/typescript-linux-s390x@7.0.2", "", { "os": "linux", "cpu": "s390x" }, "sha512-IkwJc3L7yhytWd/ewjyxNDfOmswCm9GWMJT/ue/dU4aZNbwZeYAetq42VyLmsmSjvoX7z74X6ZaYCtzAr0EuGw=="],

    "@typescript/typescript-linux-x64": ["@typescript/typescript-linux-x64@7.0.2", "", { "os": "linux", "cpu": "x64" }, "sha512-EYdf2cNg7rgCWJnxCdJ+F3V39O8ihb37eHAu1LK8oAFizgTQbPOK7zHHXbPt8rX24COqODXeI3sIf0fCXG7H/A=="],

    "@typescript/typescript-netbsd-arm64": ["@typescript/typescript-netbsd-arm64@7.0.2", "", { "os": "none", "cpu": "arm64" }, "sha512-+polYF4MF04aPpO5FTkHran9yUQDSXqy5GiSDKpsll5jy3l3+g9QLhpf39T+ePtefhXLOGrLl0QIjkQP6VnelA=="],

    "@typescript/typescript-netbsd-x64": ["@typescript/typescript-netbsd-x64@7.0.2", "", { "os": "none", "cpu": "x64" }, "sha512-8YIT0EHM/3dq10ZOVF/A7pc/YSMtbcecct4rWtexrnSCHOPcpC2KTLXfTCR6vDpnSiY12heNb1GiN/wu+T/FyA=="],

    "@typescript/typescript-openbsd-arm64": ["@typescript/typescript-openbsd-arm64@7.0.2", "", { "os": "openbsd", "cpu": "arm64" }, "sha512-APT8+ClYnuYm1u9+kgGXoMj2VzWzcymwh2gNSQVySHfkRDGOTVkoWLjCmOQSaO+PoqQ57B0flRp9SA+7GnnkzQ=="],

    "@typescript/typescript-openbsd-x64": ["@typescript/typescript-openbsd-x64@7.0.2", "", { "os": "openbsd", "cpu": "x64" }, "sha512-yX7s+Q0Dln0Dt9tEzZsAjXXR/+ytBM7AlglaqyeMPxQszJ1JhlJdZ6jLA+IzldHtflX81em7lDao1xXu+aRRkg=="],

    "@typescript/typescript-sunos-x64": ["@typescript/typescript-sunos-x64@7.0.2", "", { "os": "sunos", "cpu": "x64" }, "sha512-dLJDGaLZ1D4HPQn62u1n8mBDkJREwMsAkCdkwd4Ieqw+x3TUyTsqY0YiBCtE6H6OzzgGk3iuZ3vFWRS+E8/d1g=="],

    "@typescript/typescript-win32-arm64": ["@typescript/typescript-win32-arm64@7.0.2", "", { "os": "win32", "cpu": "arm64" }, "sha512-Gyl1Vy6OsWesLzmq+EP0Fb7b4Nid5232AvcA2SFcdYreldpNtYFFofPjnt62y9hQy7VTaZp65ICJjuAQRaVcIQ=="],

    "@typescript/typescript-win32-x64": ["@typescript/typescript-win32-x64@7.0.2", "", { "os": "win32", "cpu": "x64" }, "sha512-0BQ3HkAHHlKLSp1qRvf3SUhGpGsDuhB/jgFw75guyqbxJqEaS0Cw/VFO8i2nHglJUzQCRtMMR/IBAKE3ETMC4g=="],

    "atomic-sleep": ["atomic-sleep@1.0.0", "", {}, "sha512-kNOjDqAh7px0XWNI+4QbzoiR/nTkHAWNud2uvnJquD1/x5a7EQZMJT0AczqK0Qn67oY/TTQ1LbUKajZpp3I9tQ=="],

    "bun-types": ["bun-types@1.4.2", "", { "dependencies": { "@types/node": "*" } }, "sha512-bxV1FgK7yBIzjRe5zBozIM4Bem11ZJcCXSrjWRG3YWLt8yFDePu4cLjpebO8OvPeIE9trbyPF4fuj3Cia4Fj3w=="],

    "deuri": ["deuri@3.0.0", "", {}, "sha512-3rbQr245VesQGHyzUlWmpv3WihImbLT5NBe/mrgsgEvc7aWTYEpDhER8Z3RsdiDSYw1kxQo0kU9fpociUu77/w=="],

    "elysia": ["elysia@2.0.0-beta.16", "", { "dependencies": { "deuri": "^3.0.0", "memoirist": "1.2.2" }, "peerDependencies": { "@types/bun": ">= 1.3.0", "exact-mirror": ">= 1.2.6", "openapi-types": ">= 12.0.0", "typebox": ">= 1.3.0", "typescript": ">= 5.7.0" }, "optionalPeers": ["@types/bun", "typescript"] }, "sha512-Hb66lhRFJKwi1GFb/RcFkKWgKW+heiRH1ocxR2CNkrHBX5xyB8Hu1dDM5tJjUghS7piFk82VSrPnm8sDwSaRGA=="],

    "exact-mirror": ["exact-mirror@1.2.6", "", { "peerDependencies": { "typebox": ">= 1.1.0" }, "optionalPeers": ["typebox"] }, "sha512-EGx81nhFP1GE94coJsz94FLzdxWrnkNCJdfdX44rbd7pVcAotWzDlBJUC7yy1Ae7d7dYKpoTtZ1jCAIz2IVtfA=="],

    "jose": ["jose@6.2.12", "", {}, "sha512-9NiFmJEex0sy2Dk58j2UGBSHgUs2ypF9eZSu4L6vjOX3Dp96Sw1F3uL+H+D1sx02jZZdzUT0HgvCy59CuvXcWw=="],

    "memoirist": ["memoirist@1.2.2", "", {}, "sha512-d5b1l7vth7Iim1z4z+GHQtxs2sQvcsvDn928FdJW7dPFu3ChIb66xpaA/QF1VKKEiskScuB6RXramHpXF35ZEw=="],

    "mitata": ["mitata@1.0.34", "", {}, "sha512-Mc3zrtNBKIMeHSCQ0XqRLo1vbdIx1wvFV9c8NJAiyho6AjNfMY8bVhbS12bwciUdd1t4rj8099CH3N3NFahaUA=="],

    "on-exit-leak-free": ["on-exit-leak-free@2.1.2", "", {}, "sha512-0eJJY6hXLGf1udHwfNftBqH+g73EU4B504nZeKpz1sYRKafAghwxEJunB2O7rDZkL4PGfsMVnTXZ2EjibbqcsA=="],

    "openapi-types": ["openapi-types@12.1.3", "", {}, "sha512-N4YtSYJqghVu4iek2ZUvcN/0aqH1kRDuNqzcycDxhOUpg7GdvLa2F3DgS6yBNhInhv2r/6I0Flkn7CqL8+nIcw=="],

    "oxfmt": ["oxfmt@0.68.0", "", { "dependencies": { "tinypool": "2.1.2" }, "optionalDependencies": { "@oxfmt/binding-android-arm-eabi": "0.68.0", "@oxfmt/binding-android-arm64": "0.68.0", "@oxfmt/binding-darwin-arm64": "0.68.0", "@oxfmt/binding-darwin-x64": "0.68.0", "@oxfmt/binding-freebsd-x64": "0.68.0", "@oxfmt/binding-linux-arm-gnueabihf": "0.68.0", "@oxfmt/binding-linux-arm-musleabihf": "0.68.0", "@oxfmt/binding-linux-arm64-gnu": "0.68.0", "@oxfmt/binding-linux-arm64-musl": "0.68.0", "@oxfmt/binding-linux-ppc64-gnu": "0.68.0", "@oxfmt/binding-linux-riscv64-gnu": "0.68.0", "@oxfmt/binding-linux-riscv64-musl": "0.68.0", "@oxfmt/binding-linux-s390x-gnu": "0.68.0", "@oxfmt/binding-linux-x64-gnu": "0.68.0", "@oxfmt/binding-linux-x64-musl": "0.68.0", "@oxfmt/binding-openharmony-arm64": "0.68.0", "@oxfmt/binding-win32-arm64-msvc": "0.68.0", "@oxfmt/binding-win32-ia32-msvc": "0.68.0", "@oxfmt/binding-win32-x64-msvc": "0.68.0" }, "peerDependencies": { "svelte": "^5.0.0", "vite-plus": "*" }, "optionalPeers": ["svelte", "vite-plus"], "bin": { "oxfmt": "bin/oxfmt" } }, "sha512-Z0XMofcXCGUXbcpBHnWyUiX93BGiw1B+lcHNbQDWEtOhX06ewoFfu4zXkyiLhRrNnMq0twqXRHUcJetf+GsiQQ=="],

    "oxlint": ["oxlint@1.83.0", "", { "optionalDependencies": { "@oxlint/binding-android-arm-eabi": "1.83.0", "@oxlint/binding-android-arm64": "1.83.0", "@oxlint/binding-darwin-arm64": "1.83.0", "@oxlint/binding-darwin-x64": "1.83.0", "@oxlint/binding-freebsd-x64": "1.83.0", "@oxlint/binding-linux-arm-gnueabihf": "1.83.0", "@oxlint/binding-linux-arm-musleabihf": "1.83.0", "@oxlint/binding-linux-arm64-gnu": "1.83.0", "@oxlint/binding-linux-arm64-musl": "1.83.0", "@oxlint/binding-linux-ppc64-gnu": "1.83.0", "@oxlint/binding-linux-riscv64-gnu": "1.83.0", "@oxlint/binding-linux-riscv64-musl": "1.83.0", "@oxlint/binding-linux-s390x-gnu": "1.83.0", "@oxlint/binding-linux-x64-gnu": "1.83.0", "@oxlint/binding-linux-x64-musl": "1.83.0", "@oxlint/binding-openharmony-arm64": "1.83.0", "@oxlint/binding-win32-arm64-msvc": "1.83.0", "@oxlint/binding-win32-ia32-msvc": "1.83.0", "@oxlint/binding-win32-x64-msvc": "1.83.0" }, "peerDependencies": { "oxlint-tsgolint": ">=7.0.2001", "vite-plus": "*" }, "optionalPeers": ["oxlint-tsgolint", "vite-plus"], "bin": { "oxlint": "bin/oxlint" } }, "sha512-cyDzSzaw3uzP0TeCeq3lLRPPoaUxkbB4ZOXj+kn+5r+BX9V+4bNVGk9lxer+WrgcpebH4JxLlJ3KQjveVztOLQ=="],

    "oxlint-tsgolint": ["oxlint-tsgolint@7.0.2002", "", { "optionalDependencies": { "@oxlint-tsgolint/darwin-arm64": "7.0.2002", "@oxlint-tsgolint/darwin-x64": "7.0.2002", "@oxlint-tsgolint/linux-arm64": "7.0.2002", "@oxlint-tsgolint/linux-x64": "7.0.2002", "@oxlint-tsgolint/win32-arm64": "7.0.2002", "@oxlint-tsgolint/win32-x64": "7.0.2002" }, "bin": { "tsgolint": "./bin/tsgolint.js" } }, "sha512-rQAj2RAQM57nCwTd3PhtnAkREGW2StqI47tzudNlJF8WwGommM7rVpeP4O1O8/ZiuDZ9f2GnTESzLHGTluwkvQ=="],

    "pino": ["pino@10.3.1", "", { "dependencies": { "@pinojs/redact": "^0.4.0", "atomic-sleep": "^1.0.0", "on-exit-leak-free": "^2.1.0", "pino-abstract-transport": "^3.0.0", "pino-std-serializers": "^7.0.0", "process-warning": "^5.0.0", "quick-format-unescaped": "^4.0.3", "real-require": "^0.2.0", "safe-stable-stringify": "^2.3.1", "sonic-boom": "^4.0.1", "thread-stream": "^4.0.0" }, "bin": { "pino": "bin.js" } }, "sha512-r34yH/GlQpKZbU1BvFFqOjhISRo1MNx1tWYsYvmj6KIRHSPMT2+yHOEb1SG6NMvRoHRF0a07kCOox/9yakl1vg=="],

    "pino-abstract-transport": ["pino-abstract-transport@3.0.0", "", { "dependencies": { "split2": "^4.0.0" } }, "sha512-wlfUczU+n7Hy/Ha5j9a/gZNy7We5+cXp8YL+X+PG8S0KXxw7n/JXA3c46Y0zQznIJ83URJiwy7Lh56WLokNuxg=="],

    "pino-std-serializers": ["pino-std-serializers@7.1.0", "", {}, "sha512-BndPH67/JxGExRgiX1dX0w1FvZck5Wa4aal9198SrRhZjH3GxKQUKIBnYJTdj2HDN3UQAS06HlfcSbQj2OHmaw=="],

    "process-warning": ["process-warning@5.1.0", "", {}, "sha512-jQSaVHsPgtyw60e1rQ/A+/ArPEj/S8pS/vFnyGa/gYFXrKk/6RuDkoqVDQ5NI5MmS01698ltlAk0NoDBNLujRw=="],

    "quick-format-unescaped": ["quick-format-unescaped@4.0.4", "", {}, "sha512-tYC1Q1hgyRuHgloV/YXs2w15unPVh8qfu/qCTfhTYamaw7fyhumKa2yGpdSo87vY32rIclj+4fWYQXUMs9EHvg=="],

    "real-require": ["real-require@0.2.0", "", {}, "sha512-57frrGM/OCTLqLOAh0mhVA9VBMHd+9U7Zb2THMGdBUoZVOtGbJzjxsYGDJ3A9AYYCP4hn6y1TVbaOfzWtm5GFg=="],

    "safe-stable-stringify": ["safe-stable-stringify@2.5.0", "", {}, "sha512-b3rppTKm9T+PsVCBEOUR46GWI7fdOs00VKZ1+9c1EWDaDMvjQc6tUwuFyIprgGgTcWoVHSKrU8H31ZHA2e0RHA=="],

    "sonic-boom": ["sonic-boom@4.2.1", "", { "dependencies": { "atomic-sleep": "^1.0.0" } }, "sha512-w6AxtubXa2wTXAUsZMMWERrsIRAdrK0Sc+FUytWvYAhBJLyuI4llrMIC1DtlNSdI99EI86KZum2MMq3EAZlF9Q=="],

    "split2": ["split2@4.2.0", "", {}, "sha512-UcjcJOWknrNkF6PLX83qcHM6KHgVKNkV62Y8a5uYDVv9ydGQVwAHMKqHdJje1VTWpljG0WYpCDhrCdAOYH4TWg=="],

    "thread-stream": ["thread-stream@4.2.0", "", { "dependencies": { "real-require": "^1.0.0" } }, "sha512-e2zZ96wSChazBsbENf/Pcm/4swHt2cEKQ92rhUjkL9GCKiTDJIaTBenjE/m9DXi0QBmTMDkFDdOomUy20A1tDQ=="],

    "tinypool": ["tinypool@2.1.2", "", {}, "sha512-9YodfrxS9g9IbFr/KOjE5bAeJ0p61n3bW6mqvy0jtoeKd1kTW1Cxm0oulm6KX2lyM9Gl6WIe8nEbY7LWv5ZJww=="],

    "typebox": ["typebox@1.3.34", "", {}, "sha512-wbnzrXXDW8xEFHDZZs2jo1MkhaYlKAY4FRhpBc1+2LF1fZVBGCXGdLEhA/Z/NBbgzJMFfeM8m7elKPa/+KxaUQ=="],

    "typescript": ["typescript@7.0.2", "", { "optionalDependencies": { "@typescript/typescript-aix-ppc64": "7.0.2", "@typescript/typescript-darwin-arm64": "7.0.2", "@typescript/typescript-darwin-x64": "7.0.2", "@typescript/typescript-freebsd-arm64": "7.0.2", "@typescript/typescript-freebsd-x64": "7.0.2", "@typescript/typescript-linux-arm": "7.0.2", "@typescript/typescript-linux-arm64": "7.0.2", "@typescript/typescript-linux-loong64": "7.0.2", "@typescript/typescript-linux-mips64el": "7.0.2", "@typescript/typescript-linux-ppc64": "7.0.2", "@typescript/typescript-linux-riscv64": "7.0.2", "@typescript/typescript-linux-s390x": "7.0.2", "@typescript/typescript-linux-x64": "7.0.2", "@typescript/typescript-netbsd-arm64": "7.0.2", "@typescript/typescript-netbsd-x64": "7.0.2", "@typescript/typescript-openbsd-arm64": "7.0.2", "@typescript/typescript-openbsd-x64": "7.0.2", "@typescript/typescript-sunos-x64": "7.0.2", "@typescript/typescript-win32-arm64": "7.0.2", "@typescript/typescript-win32-x64": "7.0.2" }, "bin": { "tsc": "bin/tsc" } }, "sha512-8FYau96o3NKOhbjKi/qNvG/W5jhzxkbdm5sj9AbZ/5T5sWqn3hJgLfGx27sRKZWTvyzCP8dLRBTf5tBTSRVUNA=="],

    "undici-types": ["undici-types@8.9.0", "", {}, "sha512-KTDyRTYX8sWmKXAikPHHSyc63CRPETMctyjKFupcC6OBLXT3xsN0e9aF7m+mIXutFWpUXuedtowG7iLOzp0kQg=="],

    "thread-stream/real-require": ["real-require@1.0.0", "", {}, "sha512-P4nbQYQfePJxRSmY+v/KINxVucm4NF3p3s7pJveMTtom52FR4YGltUQLB8idDXwDDWW+eYrWDFbuzUnjoWHF7g=="],
  }
}
